
Microsoft Visual Studio Solution File, Format Version 12.00
# Visual Studio Version 16
VisualStudioVersion = 16.0.29102.190
MinimumVisualStudioVersion = 10.0.40219.1
Project("{FAE04EC0-301F-11D3-BF4B-00C04F79EFBC}") = "CadenaCaracteres", "CadenaCaracteres.csproj", "{7760B178-FC8C-484A-AEA8-F615BC87F998}"
EndProject
Global
	GlobalSection(SolutionConfigurationPlatforms) = preSolution
		Debug|Any CPU = Debug|Any CPU
		Release|Any CPU = Release|Any CPU
	EndGlobalSection
	GlobalSection(ProjectConfigurationPlatforms) = postSolution
		{7760B178-FC8C-484A-AEA8-F615BC87F998}.Debug|Any CPU.ActiveCfg = Debug|Any CPU
		{7760B178-FC8C-484A-AEA8-F615BC87F998}.Debug|Any CPU.Build.0 = Debug|Any CPU
		{7760B178-FC8C-484A-AEA8-F615BC87F998}.Release|Any CPU.ActiveCfg = Release|Any CPU
		{7760B178-FC8C-484A-AEA8-F615BC87F998}.Release|Any CPU.Build.0 = Release|Any CPU
	EndGlobalSection
	GlobalSection(SolutionProperties) = preSolution
		HideSolutionNode = FALSE
	EndGlobalSection
	GlobalSection(ExtensibilityGlobals) = postSolution
		SolutionGuid = {5DFA249F-7D60-4368-A288-A26F28952FC5}
	EndGlobalSection
EndGlobal
